
Microsoft Visual Studio Solution File, Format Version 12.00
# Visual Studio Version 17
VisualStudioVersion = 17.4.33205.214
MinimumVisualStudioVersion = 10.0.40219.1
Project("{FAE04EC0-301F-11D3-BF4B-00C04F79EFBC}") = "Tree_depth_calculation", "Tree_depth_calculation.csproj", "{FDE00F79-2B51-4DF2-9094-FEF98B5F0768}"
EndProject
Global
	GlobalSection(SolutionConfigurationPlatforms) = preSolution
		Debug|Any CPU = Debug|Any CPU
		Release|Any CPU = Release|Any CPU
	EndGlobalSection
	GlobalSection(ProjectConfigurationPlatforms) = postSolution
		{FDE00F79-2B51-4DF2-9094-FEF98B5F0768}.Debug|Any CPU.ActiveCfg = Debug|Any CPU
		{FDE00F79-2B51-4DF2-9094-FEF98B5F0768}.Debug|Any CPU.Build.0 = Debug|Any CPU
		{FDE00F79-2B51-4DF2-9094-FEF98B5F0768}.Release|Any CPU.ActiveCfg = Release|Any CPU
		{FDE00F79-2B51-4DF2-9094-FEF98B5F0768}.Release|Any CPU.Build.0 = Release|Any CPU
	EndGlobalSection
	GlobalSection(SolutionProperties) = preSolution
		HideSolutionNode = FALSE
	EndGlobalSection
	GlobalSection(ExtensibilityGlobals) = postSolution
		SolutionGuid = {98E4991C-90ED-47E7-B01D-2E78DA72E471}
	EndGlobalSection
EndGlobal
